// !$*UTF8*$!
{
	archiveVersion = 1;
	classes = {
	};
	objectVersion = 46;
	objects = {

/* Begin PBXBuildFile section */
		FF38DDD81B1A048B00668C1E /* main.swift in Sources */ = {isa = PBXBuildFile; fileRef = FF38DDD71B1A048B00668C1E /* main.swift */; };
		FF38DDE71B1A04D600668C1E /* CodeChefTests.swift in Sources */ = {isa = PBXBuildFile; fileRef = FF38DDE61B1A04D600668C1E /* CodeChefTests.swift */; };
		FF38DDEE1B1A058600668C1E /* TransformTheExpression.swift in Sources */ = {isa = PBXBuildFile; fileRef = FF38DDED1B1A058600668C1E /* TransformTheExpression.swift */; };
		FF38DDEF1B1A058600668C1E /* TransformTheExpression.swift in Sources */ = {isa = PBXBuildFile; fileRef = FF38DDED1B1A058600668C1E /* TransformTheExpression.swift */; };
		FF38DDF01B1A06EC00668C1E /* main.swift in Sources */ = {isa = PBXBuildFile; fileRef = FF38DDD71B1A048B00668C1E /* main.swift */; };
		FF38DDF21B1B4D2500668C1E /* PackagingCupcakes.swift in Sources */ = {isa = PBXBuildFile; fileRef = FF38DDF11B1B4D2500668C1E /* PackagingCupcakes.swift */; };
		FF38DDF31B1B4D2500668C1E /* PackagingCupcakes.swift in Sources */ = {isa = PBXBuildFile; fileRef = FF38DDF11B1B4D2500668C1E /* PackagingCupcakes.swift */; };
		FF38DDF51B1B4E1900668C1E /* CielAndAMinusBProblem.swift in Sources */ = {isa = PBXBuildFile; fileRef = FF38DDF41B1B4E1900668C1E /* CielAndAMinusBProblem.swift */; };
		FF38DDF61B1B4E1900668C1E /* CielAndAMinusBProblem.swift in Sources */ = {isa = PBXBuildFile; fileRef = FF38DDF41B1B4E1900668C1E /* CielAndAMinusBProblem.swift */; };
		FF38DDF81B1B517000668C1E /* CielAndReceipt.swift in Sources */ = {isa = PBXBuildFile; fileRef = FF38DDF71B1B517000668C1E /* CielAndReceipt.swift */; };
		FF38DDF91B1B517000668C1E /* CielAndReceipt.swift in Sources */ = {isa = PBXBuildFile; fileRef = FF38DDF71B1B517000668C1E /* CielAndReceipt.swift */; };
		FF38DDFB1B1BA45600668C1E /* PrimePalindromes.swift in Sources */ = {isa = PBXBuildFile; fileRef = FF38DDFA1B1BA45600668C1E /* PrimePalindromes.swift */; };
		FF38DDFC1B1BA45600668C1E /* PrimePalindromes.swift in Sources */ = {isa = PBXBuildFile; fileRef = FF38DDFA1B1BA45600668C1E /* PrimePalindromes.swift */; };
/* End PBXBuildFile section */

/* Begin PBXCopyFilesBuildPhase section */
		FF38DDD21B1A048B00668C1E /* CopyFiles */ = {
			isa = PBXCopyFilesBuildPhase;
			buildActionMask = 2147483647;
			dstPath = /usr/share/man/man1/;
			dstSubfolderSpec = 0;
			files = (
			);
			runOnlyForDeploymentPostprocessing = 1;
		};
/* End PBXCopyFilesBuildPhase section */

/* Begin PBXFileReference section */
		FF38DDD41B1A048B00668C1E /* CodeChef */ = {isa = PBXFileReference; explicitFileType = "compiled.mach-o.executable"; includeInIndex = 0; path = CodeChef; sourceTree = BUILT_PRODUCTS_DIR; };
		FF38DDD71B1A048B00668C1E /* main.swift */ = {isa = PBXFileReference; lastKnownFileType = sourcecode.swift; path = main.swift; sourceTree = "<group>"; };
		FF38DDE21B1A04D600668C1E /* CodeChefTests.xctest */ = {isa = PBXFileReference; explicitFileType = wrapper.cfbundle; includeInIndex = 0; path = CodeChefTests.xctest; sourceTree = BUILT_PRODUCTS_DIR; };
		FF38DDE51B1A04D600668C1E /* Info.plist */ = {isa = PBXFileReference; lastKnownFileType = text.plist.xml; path = Info.plist; sourceTree = "<group>"; };
		FF38DDE61B1A04D600668C1E /* CodeChefTests.swift */ = {isa = PBXFileReference; lastKnownFileType = sourcecode.swift; path = CodeChefTests.swift; sourceTree = "<group>"; };
		FF38DDED1B1A058600668C1E /* TransformTheExpression.swift */ = {isa = PBXFileReference; fileEncoding = 4; lastKnownFileType = sourcecode.swift; path = TransformTheExpression.swift; sourceTree = "<group>"; };
		FF38DDF11B1B4D2500668C1E /* PackagingCupcakes.swift */ = {isa = PBXFileReference; fileEncoding = 4; lastKnownFileType = sourcecode.swift; path = PackagingCupcakes.swift; sourceTree = "<group>"; };
		FF38DDF41B1B4E1900668C1E /* CielAndAMinusBProblem.swift */ = {isa = PBXFileReference; fileEncoding = 4; lastKnownFileType = sourcecode.swift; path = CielAndAMinusBProblem.swift; sourceTree = "<group>"; };
		FF38DDF71B1B517000668C1E /* CielAndReceipt.swift */ = {isa = PBXFileReference; fileEncoding = 4; lastKnownFileType = sourcecode.swift; path = CielAndReceipt.swift; sourceTree = "<group>"; };
		FF38DDFA1B1BA45600668C1E /* PrimePalindromes.swift */ = {isa = PBXFileReference; fileEncoding = 4; lastKnownFileType = sourcecode.swift; path = PrimePalindromes.swift; sourceTree = "<group>"; };
/* End PBXFileReference section */

/* Begin PBXFrameworksBuildPhase section */
		FF38DDD11B1A048B00668C1E /* Frameworks */ = {
			isa = PBXFrameworksBuildPhase;
			buildActionMask = 2147483647;
			files = (
			);
			runOnlyForDeploymentPostprocessing = 0;
		};
		FF38DDDF1B1A04D600668C1E /* Frameworks */ = {
			isa = PBXFrameworksBuildPhase;
			buildActionMask = 2147483647;
			files = (
			);
			runOnlyForDeploymentPostprocessing = 0;
		};
/* End PBXFrameworksBuildPhase section */

/* Begin PBXGroup section */
		FF38DDCB1B1A048B00668C1E = {
			isa = PBXGroup;
			children = (
				FF38DDD61B1A048B00668C1E /* CodeChef */,
				FF38DDE31B1A04D600668C1E /* CodeChefTests */,
				FF38DDD51B1A048B00668C1E /* Products */,
			);
			sourceTree = "<group>";
		};
		FF38DDD51B1A048B00668C1E /* Products */ = {
			isa = PBXGroup;
			children = (
				FF38DDD41B1A048B00668C1E /* CodeChef */,
				FF38DDE21B1A04D600668C1E /* CodeChefTests.xctest */,
			);
			name = Products;
			sourceTree = "<group>";
		};
		FF38DDD61B1A048B00668C1E /* CodeChef */ = {
			isa = PBXGroup;
			children = (
				FF38DDD71B1A048B00668C1E /* main.swift */,
				FF38DDED1B1A058600668C1E /* TransformTheExpression.swift */,
				FF38DDF11B1B4D2500668C1E /* PackagingCupcakes.swift */,
				FF38DDF41B1B4E1900668C1E /* CielAndAMinusBProblem.swift */,
				FF38DDF71B1B517000668C1E /* CielAndReceipt.swift */,
				FF38DDFA1B1BA45600668C1E /* PrimePalindromes.swift */,
			);
			path = CodeChef;
			sourceTree = "<group>";
		};
		FF38DDE31B1A04D600668C1E /* CodeChefTests */ = {
			isa = PBXGroup;
			children = (
				FF38DDE61B1A04D600668C1E /* CodeChefTests.swift */,
				FF38DDE41B1A04D600668C1E /* Supporting Files */,
			);
			path = CodeChefTests;
			sourceTree = "<group>";
		};
		FF38DDE41B1A04D600668C1E /* Supporting Files */ = {
			isa = PBXGroup;
			children = (
				FF38DDE51B1A04D600668C1E /* Info.plist */,
			);
			name = "Supporting Files";
			sourceTree = "<group>";
		};
/* End PBXGroup section */

/* Begin PBXNativeTarget section */
		FF38DDD31B1A048B00668C1E /* CodeChef */ = {
			isa = PBXNativeTarget;
			buildConfigurationList = FF38DDDB1B1A048B00668C1E /* Build configuration list for PBXNativeTarget "CodeChef" */;
			buildPhases = (
				FF38DDD01B1A048B00668C1E /* Sources */,
				FF38DDD11B1A048B00668C1E /* Frameworks */,
				FF38DDD21B1A048B00668C1E /* CopyFiles */,
			);
			buildRules = (
			);
			dependencies = (
			);
			name = CodeChef;
			productName = CodeChef;
			productReference = FF38DDD41B1A048B00668C1E /* CodeChef */;
			productType = "com.apple.product-type.tool";
		};
		FF38DDE11B1A04D600668C1E /* CodeChefTests */ = {
			isa = PBXNativeTarget;
			buildConfigurationList = FF38DDE81B1A04D600668C1E /* Build configuration list for PBXNativeTarget "CodeChefTests" */;
			buildPhases = (
				FF38DDDE1B1A04D600668C1E /* Sources */,
				FF38DDDF1B1A04D600668C1E /* Frameworks */,
				FF38DDE01B1A04D600668C1E /* Resources */,
			);
			buildRules = (
			);
			dependencies = (
			);
			name = CodeChefTests;
			productName = CodeChefTests;
			productReference = FF38DDE21B1A04D600668C1E /* CodeChefTests.xctest */;
			productType = "com.apple.product-type.bundle.unit-test";
		};
/* End PBXNativeTarget section */

/* Begin PBXProject section */
		FF38DDCC1B1A048B00668C1E /* Project object */ = {
			isa = PBXProject;
			attributes = {
				LastUpgradeCheck = 0630;
				ORGANIZATIONNAME = Max;
				TargetAttributes = {
					FF38DDD31B1A048B00668C1E = {
						CreatedOnToolsVersion = 6.3.2;
					};
					FF38DDE11B1A04D600668C1E = {
						CreatedOnToolsVersion = 6.3.2;
					};
				};
			};
			buildConfigurationList = FF38DDCF1B1A048B00668C1E /* Build configuration list for PBXProject "CodeChef" */;
			compatibilityVersion = "Xcode 3.2";
			developmentRegion = English;
			hasScannedForEncodings = 0;
			knownRegions = (
				en,
			);
			mainGroup = FF38DDCB1B1A048B00668C1E;
			productRefGroup = FF38DDD51B1A048B00668C1E /* Products */;
			projectDirPath = "";
			projectRoot = "";
			targets = (
				FF38DDD31B1A048B00668C1E /* CodeChef */,
				FF38DDE11B1A04D600668C1E /* CodeChefTests */,
			);
		};
/* End PBXProject section */

/* Begin PBXResourcesBuildPhase section */
		FF38DDE01B1A04D600668C1E /* Resources */ = {
			isa = PBXResourcesBuildPhase;
			buildActionMask = 2147483647;
			files = (
			);
			runOnlyForDeploymentPostprocessing = 0;
		};
/* End PBXResourcesBuildPhase section */

/* Begin PBXSourcesBuildPhase section */
		FF38DDD01B1A048B00668C1E /* Sources */ = {
			isa = PBXSourcesBuildPhase;
			buildActionMask = 2147483647;
			files = (
				FF38DDEE1B1A058600668C1E /* TransformTheExpression.swift in Sources */,
				FF38DDF21B1B4D2500668C1E /* PackagingCupcakes.swift in Sources */,
				FF38DDD81B1A048B00668C1E /* main.swift in Sources */,
				FF38DDF81B1B517000668C1E /* CielAndReceipt.swift in Sources */,
				FF38DDFB1B1BA45600668C1E /* PrimePalindromes.swift in Sources */,
				FF38DDF51B1B4E1900668C1E /* CielAndAMinusBProblem.swift in Sources */,
			);
			runOnlyForDeploymentPostprocessing = 0;
		};
		FF38DDDE1B1A04D600668C1E /* Sources */ = {
			isa = PBXSourcesBuildPhase;
			buildActionMask = 2147483647;
			files = (
				FF38DDEF1B1A058600668C1E /* TransformTheExpression.swift in Sources */,
				FF38DDFC1B1BA45600668C1E /* PrimePalindromes.swift in Sources */,
				FF38DDE71B1A04D600668C1E /* CodeChefTests.swift in Sources */,
				FF38DDF31B1B4D2500668C1E /* PackagingCupcakes.swift in Sources */,
				FF38DDF91B1B517000668C1E /* CielAndReceipt.swift in Sources */,
				FF38DDF61B1B4E1900668C1E /* CielAndAMinusBProblem.swift in Sources */,
				FF38DDF01B1A06EC00668C1E /* main.swift in Sources */,
			);
			runOnlyForDeploymentPostprocessing = 0;
		};
/* End PBXSourcesBuildPhase section */

/* Begin XCBuildConfiguration section */
		FF38DDD91B1A048B00668C1E /* Debug */ = {
			isa = XCBuildConfiguration;
			buildSettings = {
				ALWAYS_SEARCH_USER_PATHS = NO;
				CLANG_CXX_LANGUAGE_STANDARD = "gnu++0x";
				CLANG_CXX_LIBRARY = "libc++";
				CLANG_ENABLE_MODULES = YES;
				CLANG_ENABLE_OBJC_ARC = YES;
				CLANG_WARN_BOOL_CONVERSION = YES;
				CLANG_WARN_CONSTANT_CONVERSION = YES;
				CLANG_WARN_DIRECT_OBJC_ISA_USAGE = YES_ERROR;
				CLANG_WARN_EMPTY_BODY = YES;
				CLANG_WARN_ENUM_CONVERSION = YES;
				CLANG_WARN_INT_CONVERSION = YES;
				CLANG_WARN_OBJC_ROOT_CLASS = YES_ERROR;
				CLANG_WARN_UNREACHABLE_CODE = YES;
				CLANG_WARN__DUPLICATE_METHOD_MATCH = YES;
				COPY_PHASE_STRIP = NO;
				DEBUG_INFORMATION_FORMAT = dwarf;
				ENABLE_STRICT_OBJC_MSGSEND = YES;
				GCC_C_LANGUAGE_STANDARD = gnu99;
				GCC_DYNAMIC_NO_PIC = NO;
				GCC_NO_COMMON_BLOCKS = YES;
				GCC_OPTIMIZATION_LEVEL = 0;
				GCC_PREPROCESSOR_DEFINITIONS = (
					"DEBUG=1",
					"$(inherited)",
				);
				GCC_SYMBOLS_PRIVATE_EXTERN = NO;
				GCC_WARN_64_TO_32_BIT_CONVERSION = YES;
				GCC_WARN_ABOUT_RETURN_TYPE = YES_ERROR;
				GCC_WARN_UNDECLARED_SELECTOR = YES;
				GCC_WARN_UNINITIALIZED_AUTOS = YES_AGGRESSIVE;
				GCC_WARN_UNUSED_FUNCTION = YES;
				GCC_WARN_UNUSED_VARIABLE = YES;
				MACOSX_DEPLOYMENT_TARGET = 10.10;
				MTL_ENABLE_DEBUG_INFO = YES;
				ONLY_ACTIVE_ARCH = YES;
				SDKROOT = macosx;
				SWIFT_OPTIMIZATION_LEVEL = "-Onone";
			};
			name = Debug;
		};
		FF38DDDA1B1A048B00668C1E /* Release */ = {
			isa = XCBuildConfiguration;
			buildSettings = {
				ALWAYS_SEARCH_USER_PATHS = NO;
				CLANG_CXX_LANGUAGE_STANDARD = "gnu++0x";
				CLANG_CXX_LIBRARY = "libc++";
				CLANG_ENABLE_MODULES = YES;
				CLANG_ENABLE_OBJC_ARC = YES;
				CLANG_WARN_BOOL_CONVERSION = YES;
				CLANG_WARN_CONSTANT_CONVERSION = YES;
				CLANG_WARN_DIRECT_OBJC_ISA_USAGE = YES_ERROR;
				CLANG_WARN_EMPTY_BODY = YES;
				CLANG_WARN_ENUM_CONVERSION = YES;
				CLANG_WARN_INT_CONVERSION = YES;
				CLANG_WARN_OBJC_ROOT_CLASS = YES_ERROR;
				CLANG_WARN_UNREACHABLE_CODE = YES;
				CLANG_WARN__DUPLICATE_METHOD_MATCH = YES;
				COPY_PHASE_STRIP = NO;
				DEBUG_INFORMATION_FORMAT = "dwarf-with-dsym";
				ENABLE_NS_ASSERTIONS = NO;
				ENABLE_STRICT_OBJC_MSGSEND = YES;
				GCC_C_LANGUAGE_STANDARD = gnu99;
				GCC_NO_COMMON_BLOCKS = YES;
				GCC_WARN_64_TO_32_BIT_CONVERSION = YES;
				GCC_WARN_ABOUT_RETURN_TYPE = YES_ERROR;
				GCC_WARN_UNDECLARED_SELECTOR = YES;
				GCC_WARN_UNINITIALIZED_AUTOS = YES_AGGRESSIVE;
				GCC_WARN_UNUSED_FUNCTION = YES;
				GCC_WARN_UNUSED_VARIABLE = YES;
				MACOSX_DEPLOYMENT_TARGET = 10.10;
				MTL_ENABLE_DEBUG_INFO = NO;
				SDKROOT = macosx;
			};
			name = Release;
		};
		FF38DDDC1B1A048B00668C1E /* Debug */ = {
			isa = XCBuildConfiguration;
			buildSettings = {
				PRODUCT_NAME = "$(TARGET_NAME)";
			};
			name = Debug;
		};
		FF38DDDD1B1A048B00668C1E /* Release */ = {
			isa = XCBuildConfiguration;
			buildSettings = {
				PRODUCT_NAME = "$(TARGET_NAME)";
			};
			name = Release;
		};
		FF38DDE91B1A04D600668C1E /* Debug */ = {
			isa = XCBuildConfiguration;
			buildSettings = {
				COMBINE_HIDPI_IMAGES = YES;
				FRAMEWORK_SEARCH_PATHS = (
					"$(DEVELOPER_FRAMEWORKS_DIR)",
					"$(inherited)",
				);
				GCC_PREPROCESSOR_DEFINITIONS = (
					"DEBUG=1",
					"$(inherited)",
				);
				INFOPLIST_FILE = CodeChefTests/Info.plist;
				LD_RUNPATH_SEARCH_PATHS = "$(inherited) @executable_path/../Frameworks @loader_path/../Frameworks";
				PRODUCT_NAME = "$(TARGET_NAME)";
			};
			name = Debug;
		};
		FF38DDEA1B1A04D600668C1E /* Release */ = {
			isa = XCBuildConfiguration;
			buildSettings = {
				COMBINE_HIDPI_IMAGES = YES;
				FRAMEWORK_SEARCH_PATHS = (
					"$(DEVELOPER_FRAMEWORKS_DIR)",
					"$(inherited)",
				);
				INFOPLIST_FILE = CodeChefTests/Info.plist;
				LD_RUNPATH_SEARCH_PATHS = "$(inherited) @executable_path/../Frameworks @loader_path/../Frameworks";
				PRODUCT_NAME = "$(TARGET_NAME)";
			};
			name = Release;
		};
/* End XCBuildConfiguration section */

/* Begin XCConfigurationList section */
		FF38DDCF1B1A048B00668C1E /* Build configuration list for PBXProject "CodeChef" */ = {
			isa = XCConfigurationList;
			buildConfigurations = (
				FF38DDD91B1A048B00668C1E /* Debug */,
				FF38DDDA1B1A048B00668C1E /* Release */,
			);
			defaultConfigurationIsVisible = 0;
			defaultConfigurationName = Release;
		};
		FF38DDDB1B1A048B00668C1E /* Build configuration list for PBXNativeTarget "CodeChef" */ = {
			isa = XCConfigurationList;
			buildConfigurations = (
				FF38DDDC1B1A048B00668C1E /* Debug */,
				FF38DDDD1B1A048B00668C1E /* Release */,
			);
			defaultConfigurationIsVisible = 0;
		};
		FF38DDE81B1A04D600668C1E /* Build configuration list for PBXNativeTarget "CodeChefTests" */ = {
			isa = XCConfigurationList;
			buildConfigurations = (
				FF38DDE91B1A04D600668C1E /* Debug */,
				FF38DDEA1B1A04D600668C1E /* Release */,
			);
			defaultConfigurationIsVisible = 0;
		};
/* End XCConfigurationList section */
	};
	rootObject = FF38DDCC1B1A048B00668C1E /* Project object */;
}
